
Microsoft Visual Studio Solution File, Format Version 12.00
# Visual Studio Version 16
VisualStudioVersion = 16.0.29409.12
MinimumVisualStudioVersion = 10.0.40219.1
Project("{FAE04EC0-301F-11D3-BF4B-00C04F79EFBC}") = "LemonadeStand_3DayStarter", "LemonadeStand_3DayStarter.csproj", "{E9A68318-3739-49EE-B569-F5DDFAB071F7}"
EndProject
Global
	GlobalSection(SolutionConfigurationPlatforms) = preSolution
		Debug|Any CPU = Debug|Any CPU
		Release|Any CPU = Release|Any CPU
	EndGlobalSection
	GlobalSection(ProjectConfigurationPlatforms) = postSolution
		{E9A68318-3739-49EE-B569-F5DDFAB071F7}.Debug|Any CPU.ActiveCfg = Debug|Any CPU
		{E9A68318-3739-49EE-B569-F5DDFAB071F7}.Debug|Any CPU.Build.0 = Debug|Any CPU
		{E9A68318-3739-49EE-B569-F5DDFAB071F7}.Release|Any CPU.ActiveCfg = Release|Any CPU
		{E9A68318-3739-49EE-B569-F5DDFAB071F7}.Release|Any CPU.Build.0 = Release|Any CPU
	EndGlobalSection
	GlobalSection(SolutionProperties) = preSolution
		HideSolutionNode = FALSE
	EndGlobalSection
	GlobalSection(ExtensibilityGlobals) = postSolution
		SolutionGuid = {FBC4169B-101C-4655-AC01-117BBFB13116}
	EndGlobalSection
EndGlobal
